
Microsoft Visual Studio Solution File, Format Version 12.00
# Visual Studio Version 16
VisualStudioVersion = 16.0.29609.76
MinimumVisualStudioVersion = 10.0.40219.1
Project("{FAE04EC0-301F-11D3-BF4B-00C04F79EFBC}") = "Color sorting", "ColorSorting\Color sorting.csproj", "{4DE214A0-9B86-4693-BF5C-40DB5A782B22}"
EndProject
Global
	GlobalSection(SolutionConfigurationPlatforms) = preSolution
		Debug|Any CPU = Debug|Any CPU
		Release|Any CPU = Release|Any CPU
	EndGlobalSection
	GlobalSection(ProjectConfigurationPlatforms) = postSolution
		{4DE214A0-9B86-4693-BF5C-40DB5A782B22}.Debug|Any CPU.ActiveCfg = Debug|Any CPU
		{4DE214A0-9B86-4693-BF5C-40DB5A782B22}.Debug|Any CPU.Build.0 = Debug|Any CPU
		{4DE214A0-9B86-4693-BF5C-40DB5A782B22}.Release|Any CPU.ActiveCfg = Release|Any CPU
		{4DE214A0-9B86-4693-BF5C-40DB5A782B22}.Release|Any CPU.Build.0 = Release|Any CPU
	EndGlobalSection
	GlobalSection(SolutionProperties) = preSolution
		HideSolutionNode = FALSE
	EndGlobalSection
	GlobalSection(ExtensibilityGlobals) = postSolution
		SolutionGuid = {CAE0492C-B653-451E-891E-549C6B78400C}
	EndGlobalSection
EndGlobal
